
Microsoft Visual Studio Solution File, Format Version 12.00
# Visual Studio 15
VisualStudioVersion = 15.0.26430.12
MinimumVisualStudioVersion = 10.0.40219.1
Project("{9A19103F-16F7-4668-BE54-9A1E7A4F7556}") = "Easy.Common", "Easy.Common\Easy.Common.csproj", "{FE82ADDA-6940-4F0C-8D84-A128379D456A}"
EndProject
Project("{9A19103F-16F7-4668-BE54-9A1E7A4F7556}") = "Easy.Common.Tests.Unit", "Easy.Common.Tests.Unit\Easy.Common.Tests.Unit.csproj", "{A1429C3D-CADF-4881-8562-617DDDC2CA04}"
EndProject
Global
	GlobalSection(SolutionConfigurationPlatforms) = preSolution
		Debug|Any CPU = Debug|Any CPU
		Release|Any CPU = Release|Any CPU
	EndGlobalSection
	GlobalSection(ProjectConfigurationPlatforms) = postSolution
		{FE82ADDA-6940-4F0C-8D84-A128379D456A}.Debug|Any CPU.ActiveCfg = Debug|Any CPU
		{FE82ADDA-6940-4F0C-8D84-A128379D456A}.Debug|Any CPU.Build.0 = Debug|Any CPU
		{FE82ADDA-6940-4F0C-8D84-A128379D456A}.Release|Any CPU.ActiveCfg = Release|Any CPU
		{FE82ADDA-6940-4F0C-8D84-A128379D456A}.Release|Any CPU.Build.0 = Release|Any CPU
		{A1429C3D-CADF-4881-8562-617DDDC2CA04}.Debug|Any CPU.ActiveCfg = Debug|Any CPU
		{A1429C3D-CADF-4881-8562-617DDDC2CA04}.Debug|Any CPU.Build.0 = Debug|Any CPU
		{A1429C3D-CADF-4881-8562-617DDDC2CA04}.Release|Any CPU.ActiveCfg = Release|Any CPU
		{A1429C3D-CADF-4881-8562-617DDDC2CA04}.Release|Any CPU.Build.0 = Release|Any CPU
	EndGlobalSection
	GlobalSection(SolutionProperties) = preSolution
		HideSolutionNode = FALSE
	EndGlobalSection
	GlobalSection(ExtensibilityGlobals) = postSolution
		SolutionGuid = {92B28044-2855-4424-8AAF-54D6A4BD14F5}
	EndGlobalSection
EndGlobal
